
Microsoft Visual Studio Solution File, Format Version 12.00
# Visual Studio 15
VisualStudioVersion = 15.0.28010.2048
MinimumVisualStudioVersion = 10.0.40219.1
Project("{FAE04EC0-301F-11D3-BF4B-00C04F79EFBC}") = "ContosoUniversity", "ContosoUniversity\ContosoUniversity.csproj", "{B484E154-4E32-4F1B-9AFF-4583C2D3947D}"
EndProject
Global
	GlobalSection(SolutionConfigurationPlatforms) = preSolution
		Debug|Any CPU = Debug|Any CPU
		Release|Any CPU = Release|Any CPU
	EndGlobalSection
	GlobalSection(ProjectConfigurationPlatforms) = postSolution
		{B484E154-4E32-4F1B-9AFF-4583C2D3947D}.Debug|Any CPU.ActiveCfg = Debug|Any CPU
		{B484E154-4E32-4F1B-9AFF-4583C2D3947D}.Debug|Any CPU.Build.0 = Debug|Any CPU
		{B484E154-4E32-4F1B-9AFF-4583C2D3947D}.Release|Any CPU.ActiveCfg = Release|Any CPU
		{B484E154-4E32-4F1B-9AFF-4583C2D3947D}.Release|Any CPU.Build.0 = Release|Any CPU
	EndGlobalSection
	GlobalSection(SolutionProperties) = preSolution
		HideSolutionNode = FALSE
	EndGlobalSection
	GlobalSection(ExtensibilityGlobals) = postSolution
		SolutionGuid = {08DD91A4-F7FE-43BE-A9FB-8AD08B2B8BD3}
	EndGlobalSection
EndGlobal
